
Microsoft Visual Studio Solution File, Format Version 12.00
# Visual Studio Version 17
VisualStudioVersion = 17.5.33530.505
MinimumVisualStudioVersion = 10.0.40219.1
Project("{FAE04EC0-301F-11D3-BF4B-00C04F79EFBC}") = "ToDoApp", "ToDoApp\ToDoApp.csproj", "{CABFF2AE-3DEC-4737-9607-60700F13F27B}"
EndProject
Global
	GlobalSection(SolutionConfigurationPlatforms) = preSolution
		Debug|Any CPU = Debug|Any CPU
		Release|Any CPU = Release|Any CPU
	EndGlobalSection
	GlobalSection(ProjectConfigurationPlatforms) = postSolution
		{CABFF2AE-3DEC-4737-9607-60700F13F27B}.Debug|Any CPU.ActiveCfg = Debug|Any CPU
		{CABFF2AE-3DEC-4737-9607-60700F13F27B}.Debug|Any CPU.Build.0 = Debug|Any CPU
		{CABFF2AE-3DEC-4737-9607-60700F13F27B}.Release|Any CPU.ActiveCfg = Release|Any CPU
		{CABFF2AE-3DEC-4737-9607-60700F13F27B}.Release|Any CPU.Build.0 = Release|Any CPU
	EndGlobalSection
	GlobalSection(SolutionProperties) = preSolution
		HideSolutionNode = FALSE
	EndGlobalSection
	GlobalSection(ExtensibilityGlobals) = postSolution
		SolutionGuid = {DBB86F02-D622-47F5-8BC9-CFBD066A6658}
	EndGlobalSection
EndGlobal
